
Microsoft Visual Studio Solution File, Format Version 12.00
# Visual Studio Version 17
VisualStudioVersion = 17.3.32901.215
MinimumVisualStudioVersion = 10.0.40219.1
Project("{FAE04EC0-301F-11D3-BF4B-00C04F79EFBC}") = "Todolist", "Todolist.csproj", "{C2D706F7-9A65-43B4-BE40-2F24CE1BA29C}"
EndProject
Global
	GlobalSection(SolutionConfigurationPlatforms) = preSolution
		Debug|Any CPU = Debug|Any CPU
		Release|Any CPU = Release|Any CPU
	EndGlobalSection
	GlobalSection(ProjectConfigurationPlatforms) = postSolution
		{C2D706F7-9A65-43B4-BE40-2F24CE1BA29C}.Debug|Any CPU.ActiveCfg = Debug|Any CPU
		{C2D706F7-9A65-43B4-BE40-2F24CE1BA29C}.Debug|Any CPU.Build.0 = Debug|Any CPU
		{C2D706F7-9A65-43B4-BE40-2F24CE1BA29C}.Release|Any CPU.ActiveCfg = Release|Any CPU
		{C2D706F7-9A65-43B4-BE40-2F24CE1BA29C}.Release|Any CPU.Build.0 = Release|Any CPU
	EndGlobalSection
	GlobalSection(SolutionProperties) = preSolution
		HideSolutionNode = FALSE
	EndGlobalSection
	GlobalSection(ExtensibilityGlobals) = postSolution
		SolutionGuid = {7C458693-DC46-4AC6-BEDB-6C3428141F79}
	EndGlobalSection
EndGlobal
